
Microsoft Visual Studio Solution File, Format Version 12.00
# Visual Studio Version 16
VisualStudioVersion = 16.0.30907.101
MinimumVisualStudioVersion = 10.0.40219.1
Project("{9A19103F-16F7-4668-BE54-9A1E7A4F7556}") = "SubscriptionMicroservice", "SubscriptionMicroservice.csproj", "{3AC6FB26-F466-45AB-BE9A-16DD3B663547}"
EndProject
Global
	GlobalSection(SolutionConfigurationPlatforms) = preSolution
		Debug|Any CPU = Debug|Any CPU
		Release|Any CPU = Release|Any CPU
	EndGlobalSection
	GlobalSection(ProjectConfigurationPlatforms) = postSolution
		{3AC6FB26-F466-45AB-BE9A-16DD3B663547}.Debug|Any CPU.ActiveCfg = Debug|Any CPU
		{3AC6FB26-F466-45AB-BE9A-16DD3B663547}.Debug|Any CPU.Build.0 = Debug|Any CPU
		{3AC6FB26-F466-45AB-BE9A-16DD3B663547}.Release|Any CPU.ActiveCfg = Release|Any CPU
		{3AC6FB26-F466-45AB-BE9A-16DD3B663547}.Release|Any CPU.Build.0 = Release|Any CPU
	EndGlobalSection
	GlobalSection(SolutionProperties) = preSolution
		HideSolutionNode = FALSE
	EndGlobalSection
	GlobalSection(ExtensibilityGlobals) = postSolution
		SolutionGuid = {73638D20-67D3-41AE-AA6D-A96F0D2954D6}
	EndGlobalSection
EndGlobal
