
Microsoft Visual Studio Solution File, Format Version 12.00
# Visual Studio Version 16
VisualStudioVersion = 16.0.30011.22
MinimumVisualStudioVersion = 10.0.40219.1
Project("{FAE04EC0-301F-11D3-BF4B-00C04F79EFBC}") = "RefillModuleService", "RefillModuleService\RefillModuleService.csproj", "{71E686B1-74A2-4DA0-8885-3F7DC492FF9B}"
EndProject
Global
	GlobalSection(SolutionConfigurationPlatforms) = preSolution
		Debug|Any CPU = Debug|Any CPU
		Release|Any CPU = Release|Any CPU
	EndGlobalSection
	GlobalSection(ProjectConfigurationPlatforms) = postSolution
		{71E686B1-74A2-4DA0-8885-3F7DC492FF9B}.Debug|Any CPU.ActiveCfg = Debug|Any CPU
		{71E686B1-74A2-4DA0-8885-3F7DC492FF9B}.Debug|Any CPU.Build.0 = Debug|Any CPU
		{71E686B1-74A2-4DA0-8885-3F7DC492FF9B}.Release|Any CPU.ActiveCfg = Release|Any CPU
		{71E686B1-74A2-4DA0-8885-3F7DC492FF9B}.Release|Any CPU.Build.0 = Release|Any CPU
	EndGlobalSection
	GlobalSection(SolutionProperties) = preSolution
		HideSolutionNode = FALSE
	EndGlobalSection
	GlobalSection(ExtensibilityGlobals) = postSolution
		SolutionGuid = {1752AA55-AE58-477A-ABDA-09E97ED6991A}
	EndGlobalSection
EndGlobal
